// !$*UTF8*$!
{
	archiveVersion = 1;
	classes = {
	};
	objectVersion = 46;
	objects = {

/* Begin PBXBuildFile section */
		3119C1461EDE8F7800D8EFFB /* main.m in Sources */ = {isa = PBXBuildFile; fileRef = 3119C1451EDE8F7800D8EFFB /* main.m */; };
		3119C1491EDE8F7800D8EFFB /* AppDelegate.m in Sources */ = {isa = PBXBuildFile; fileRef = 3119C1481EDE8F7800D8EFFB /* AppDelegate.m */; };
		3119C14C1EDE8F7800D8EFFB /* ViewController.m in Sources */ = {isa = PBXBuildFile; fileRef = 3119C14B1EDE8F7800D8EFFB /* ViewController.m */; };
		3119C14F1EDE8F7800D8EFFB /* Main.storyboard in Resources */ = {isa = PBXBuildFile; fileRef = 3119C14D1EDE8F7800D8EFFB /* Main.storyboard */; };
		3119C1511EDE8F7800D8EFFB /* Assets.xcassets in Resources */ = {isa = PBXBuildFile; fileRef = 3119C1501EDE8F7800D8EFFB /* Assets.xcassets */; };
		3119C1541EDE8F7800D8EFFB /* LaunchScreen.storyboard in Resources */ = {isa = PBXBuildFile; fileRef = 3119C1521EDE8F7800D8EFFB /* LaunchScreen.storyboard */; };
		3119C15F1EDE8F7900D8EFFB /* valuePassSetTests.m in Sources */ = {isa = PBXBuildFile; fileRef = 3119C15E1EDE8F7900D8EFFB /* valuePassSetTests.m */; };
		3119C16A1EDE8F7900D8EFFB /* valuePassSetUITests.m in Sources */ = {isa = PBXBuildFile; fileRef = 3119C1691EDE8F7900D8EFFB /* valuePassSetUITests.m */; };
/* End PBXBuildFile section */

/* Begin PBXContainerItemProxy section */
		3119C15B1EDE8F7900D8EFFB /* PBXContainerItemProxy */ = {
			isa = PBXContainerItemProxy;
			containerPortal = 3119C1391EDE8F7800D8EFFB /* Project object */;
			proxyType = 1;
			remoteGlobalIDString = 3119C1401EDE8F7800D8EFFB;
			remoteInfo = valuePassSet;
		};
		3119C1661EDE8F7900D8EFFB /* PBXContainerItemProxy */ = {
			isa = PBXContainerItemProxy;
			containerPortal = 3119C1391EDE8F7800D8EFFB /* Project object */;
			proxyType = 1;
			remoteGlobalIDString = 3119C1401EDE8F7800D8EFFB;
			remoteInfo = valuePassSet;
		};
/* End PBXContainerItemProxy section */

/* Begin PBXFileReference section */
		3119C1411EDE8F7800D8EFFB /* valuePassSet.app */ = {isa = PBXFileReference; explicitFileType = wrapper.application; includeInIndex = 0; path = valuePassSet.app; sourceTree = BUILT_PRODUCTS_DIR; };
		3119C1451EDE8F7800D8EFFB /* main.m */ = {isa = PBXFileReference; lastKnownFileType = sourcecode.c.objc; path = main.m; sourceTree = "<group>"; };
		3119C1471EDE8F7800D8EFFB /* AppDelegate.h */ = {isa = PBXFileReference; lastKnownFileType = sourcecode.c.h; path = AppDelegate.h; sourceTree = "<group>"; };
		3119C1481EDE8F7800D8EFFB /* AppDelegate.m */ = {isa = PBXFileReference; lastKnownFileType = sourcecode.c.objc; path = AppDelegate.m; sourceTree = "<group>"; };
		3119C14A1EDE8F7800D8EFFB /* ViewController.h */ = {isa = PBXFileReference; lastKnownFileType = sourcecode.c.h; path = ViewController.h; sourceTree = "<group>"; };
		3119C14B1EDE8F7800D8EFFB /* ViewController.m */ = {isa = PBXFileReference; lastKnownFileType = sourcecode.c.objc; path = ViewController.m; sourceTree = "<group>"; };
		3119C14E1EDE8F7800D8EFFB /* Base */ = {isa = PBXFileReference; lastKnownFileType = file.storyboard; name = Base; path = Base.lproj/Main.storyboard; sourceTree = "<group>"; };
		3119C1501EDE8F7800D8EFFB /* Assets.xcassets */ = {isa = PBXFileReference; lastKnownFileType = folder.assetcatalog; path = Assets.xcassets; sourceTree = "<group>"; };
		3119C1531EDE8F7800D8EFFB /* Base */ = {isa = PBXFileReference; lastKnownFileType = file.storyboard; name = Base; path = Base.lproj/LaunchScreen.storyboard; sourceTree = "<group>"; };
		3119C1551EDE8F7800D8EFFB /* Info.plist */ = {isa = PBXFileReference; lastKnownFileType = text.plist.xml; path = Info.plist; sourceTree = "<group>"; };
		3119C15A1EDE8F7900D8EFFB /* valuePassSetTests.xctest */ = {isa = PBXFileReference; explicitFileType = wrapper.cfbundle; includeInIndex = 0; path = valuePassSetTests.xctest; sourceTree = BUILT_PRODUCTS_DIR; };
		3119C15E1EDE8F7900D8EFFB /* valuePassSetTests.m */ = {isa = PBXFileReference; lastKnownFileType = sourcecode.c.objc; path = valuePassSetTests.m; sourceTree = "<group>"; };
		3119C1601EDE8F7900D8EFFB /* Info.plist */ = {isa = PBXFileReference; lastKnownFileType = text.plist.xml; path = Info.plist; sourceTree = "<group>"; };
		3119C1651EDE8F7900D8EFFB /* valuePassSetUITests.xctest */ = {isa = PBXFileReference; explicitFileType = wrapper.cfbundle; includeInIndex = 0; path = valuePassSetUITests.xctest; sourceTree = BUILT_PRODUCTS_DIR; };
		3119C1691EDE8F7900D8EFFB /* valuePassSetUITests.m */ = {isa = PBXFileReference; lastKnownFileType = sourcecode.c.objc; path = valuePassSetUITests.m; sourceTree = "<group>"; };
		3119C16B1EDE8F7900D8EFFB /* Info.plist */ = {isa = PBXFileReference; lastKnownFileType = text.plist.xml; path = Info.plist; sourceTree = "<group>"; };
/* End PBXFileReference section */

/* Begin PBXFrameworksBuildPhase section */
		3119C13E1EDE8F7800D8EFFB /* Frameworks */ = {
			isa = PBXFrameworksBuildPhase;
			buildActionMask = 2147483647;
			files = (
			);
			runOnlyForDeploymentPostprocessing = 0;
		};
		3119C1571EDE8F7900D8EFFB /* Frameworks */ = {
			isa = PBXFrameworksBuildPhase;
			buildActionMask = 2147483647;
			files = (
			);
			runOnlyForDeploymentPostprocessing = 0;
		};
		3119C1621EDE8F7900D8EFFB /* Frameworks */ = {
			isa = PBXFrameworksBuildPhase;
			buildActionMask = 2147483647;
			files = (
			);
			runOnlyForDeploymentPostprocessing = 0;
		};
/* End PBXFrameworksBuildPhase section */

/* Begin PBXGroup section */
		3119C1381EDE8F7800D8EFFB = {
			isa = PBXGroup;
			children = (
				3119C1431EDE8F7800D8EFFB /* valuePassSet */,
				3119C15D1EDE8F7900D8EFFB /* valuePassSetTests */,
				3119C1681EDE8F7900D8EFFB /* valuePassSetUITests */,
				3119C1421EDE8F7800D8EFFB /* Products */,
			);
			sourceTree = "<group>";
		};
		3119C1421EDE8F7800D8EFFB /* Products */ = {
			isa = PBXGroup;
			children = (
				3119C1411EDE8F7800D8EFFB /* valuePassSet.app */,
				3119C15A1EDE8F7900D8EFFB /* valuePassSetTests.xctest */,
				3119C1651EDE8F7900D8EFFB /* valuePassSetUITests.xctest */,
			);
			name = Products;
			sourceTree = "<group>";
		};
		3119C1431EDE8F7800D8EFFB /* valuePassSet */ = {
			isa = PBXGroup;
			children = (
				3119C1471EDE8F7800D8EFFB /* AppDelegate.h */,
				3119C1481EDE8F7800D8EFFB /* AppDelegate.m */,
				3119C14A1EDE8F7800D8EFFB /* ViewController.h */,
				3119C14B1EDE8F7800D8EFFB /* ViewController.m */,
				3119C14D1EDE8F7800D8EFFB /* Main.storyboard */,
				3119C1501EDE8F7800D8EFFB /* Assets.xcassets */,
				3119C1521EDE8F7800D8EFFB /* LaunchScreen.storyboard */,
				3119C1551EDE8F7800D8EFFB /* Info.plist */,
				3119C1441EDE8F7800D8EFFB /* Supporting Files */,
			);
			path = valuePassSet;
			sourceTree = "<group>";
		};
		3119C1441EDE8F7800D8EFFB /* Supporting Files */ = {
			isa = PBXGroup;
			children = (
				3119C1451EDE8F7800D8EFFB /* main.m */,
			);
			name = "Supporting Files";
			sourceTree = "<group>";
		};
		3119C15D1EDE8F7900D8EFFB /* valuePassSetTests */ = {
			isa = PBXGroup;
			children = (
				3119C15E1EDE8F7900D8EFFB /* valuePassSetTests.m */,
				3119C1601EDE8F7900D8EFFB /* Info.plist */,
			);
			path = valuePassSetTests;
			sourceTree = "<group>";
		};
		3119C1681EDE8F7900D8EFFB /* valuePassSetUITests */ = {
			isa = PBXGroup;
			children = (
				3119C1691EDE8F7900D8EFFB /* valuePassSetUITests.m */,
				3119C16B1EDE8F7900D8EFFB /* Info.plist */,
			);
			path = valuePassSetUITests;
			sourceTree = "<group>";
		};
/* End PBXGroup section */

/* Begin PBXNativeTarget section */
		3119C1401EDE8F7800D8EFFB /* valuePassSet */ = {
			isa = PBXNativeTarget;
			buildConfigurationList = 3119C16E1EDE8F7900D8EFFB /* Build configuration list for PBXNativeTarget "valuePassSet" */;
			buildPhases = (
				3119C13D1EDE8F7800D8EFFB /* Sources */,
				3119C13E1EDE8F7800D8EFFB /* Frameworks */,
				3119C13F1EDE8F7800D8EFFB /* Resources */,
			);
			buildRules = (
			);
			dependencies = (
			);
			name = valuePassSet;
			productName = valuePassSet;
			productReference = 3119C1411EDE8F7800D8EFFB /* valuePassSet.app */;
			productType = "com.apple.product-type.application";
		};
		3119C1591EDE8F7900D8EFFB /* valuePassSetTests */ = {
			isa = PBXNativeTarget;
			buildConfigurationList = 3119C1711EDE8F7900D8EFFB /* Build configuration list for PBXNativeTarget "valuePassSetTests" */;
			buildPhases = (
				3119C1561EDE8F7900D8EFFB /* Sources */,
				3119C1571EDE8F7900D8EFFB /* Frameworks */,
				3119C1581EDE8F7900D8EFFB /* Resources */,
			);
			buildRules = (
			);
			dependencies = (
				3119C15C1EDE8F7900D8EFFB /* PBXTargetDependency */,
			);
			name = valuePassSetTests;
			productName = valuePassSetTests;
			productReference = 3119C15A1EDE8F7900D8EFFB /* valuePassSetTests.xctest */;
			productType = "com.apple.product-type.bundle.unit-test";
		};
		3119C1641EDE8F7900D8EFFB /* valuePassSetUITests */ = {
			isa = PBXNativeTarget;
			buildConfigurationList = 3119C1741EDE8F7900D8EFFB /* Build configuration list for PBXNativeTarget "valuePassSetUITests" */;
			buildPhases = (
				3119C1611EDE8F7900D8EFFB /* Sources */,
				3119C1621EDE8F7900D8EFFB /* Frameworks */,
				3119C1631EDE8F7900D8EFFB /* Resources */,
			);
			buildRules = (
			);
			dependencies = (
				3119C1671EDE8F7900D8EFFB /* PBXTargetDependency */,
			);
			name = valuePassSetUITests;
			productName = valuePassSetUITests;
			productReference = 3119C1651EDE8F7900D8EFFB /* valuePassSetUITests.xctest */;
			productType = "com.apple.product-type.bundle.ui-testing";
		};
/* End PBXNativeTarget section */

/* Begin PBXProject section */
		3119C1391EDE8F7800D8EFFB /* Project object */ = {
			isa = PBXProject;
			attributes = {
				LastUpgradeCheck = 0830;
				ORGANIZATIONNAME = hooyking;
				TargetAttributes = {
					3119C1401EDE8F7800D8EFFB = {
						CreatedOnToolsVersion = 8.3.2;
						ProvisioningStyle = Automatic;
					};
					3119C1591EDE8F7900D8EFFB = {
						CreatedOnToolsVersion = 8.3.2;
						ProvisioningStyle = Automatic;
						TestTargetID = 3119C1401EDE8F7800D8EFFB;
					};
					3119C1641EDE8F7900D8EFFB = {
						CreatedOnToolsVersion = 8.3.2;
						ProvisioningStyle = Automatic;
						TestTargetID = 3119C1401EDE8F7800D8EFFB;
					};
				};
			};
			buildConfigurationList = 3119C13C1EDE8F7800D8EFFB /* Build configuration list for PBXProject "valuePassSet" */;
			compatibilityVersion = "Xcode 3.2";
			developmentRegion = English;
			hasScannedForEncodings = 0;
			knownRegions = (
				en,
				Base,
			);
			mainGroup = 3119C1381EDE8F7800D8EFFB;
			productRefGroup = 3119C1421EDE8F7800D8EFFB /* Products */;
			projectDirPath = "";
			projectRoot = "";
			targets = (
				3119C1401EDE8F7800D8EFFB /* valuePassSet */,
				3119C1591EDE8F7900D8EFFB /* valuePassSetTests */,
				3119C1641EDE8F7900D8EFFB /* valuePassSetUITests */,
			);
		};
/* End PBXProject section */

/* Begin PBXResourcesBuildPhase section */
		3119C13F1EDE8F7800D8EFFB /* Resources */ = {
			isa = PBXResourcesBuildPhase;
			buildActionMask = 2147483647;
			files = (
				3119C1541EDE8F7800D8EFFB /* LaunchScreen.storyboard in Resources */,
				3119C1511EDE8F7800D8EFFB /* Assets.xcassets in Resources */,
				3119C14F1EDE8F7800D8EFFB /* Main.storyboard in Resources */,
			);
			runOnlyForDeploymentPostprocessing = 0;
		};
		3119C1581EDE8F7900D8EFFB /* Resources */ = {
			isa = PBXResourcesBuildPhase;
			buildActionMask = 2147483647;
			files = (
			);
			runOnlyForDeploymentPostprocessing = 0;
		};
		3119C1631EDE8F7900D8EFFB /* Resources */ = {
			isa = PBXResourcesBuildPhase;
			buildActionMask = 2147483647;
			files = (
			);
			runOnlyForDeploymentPostprocessing = 0;
		};
/* End PBXResourcesBuildPhase section */

/* Begin PBXSourcesBuildPhase section */
		3119C13D1EDE8F7800D8EFFB /* Sources */ = {
			isa = PBXSourcesBuildPhase;
			buildActionMask = 2147483647;
			files = (
				3119C14C1EDE8F7800D8EFFB /* ViewController.m in Sources */,
				3119C1491EDE8F7800D8EFFB /* AppDelegate.m in Sources */,
				3119C1461EDE8F7800D8EFFB /* main.m in Sources */,
			);
			runOnlyForDeploymentPostprocessing = 0;
		};
		3119C1561EDE8F7900D8EFFB /* Sources */ = {
			isa = PBXSourcesBuildPhase;
			buildActionMask = 2147483647;
			files = (
				3119C15F1EDE8F7900D8EFFB /* valuePassSetTests.m in Sources */,
			);
			runOnlyForDeploymentPostprocessing = 0;
		};
		3119C1611EDE8F7900D8EFFB /* Sources */ = {
			isa = PBXSourcesBuildPhase;
			buildActionMask = 2147483647;
			files = (
				3119C16A1EDE8F7900D8EFFB /* valuePassSetUITests.m in Sources */,
			);
			runOnlyForDeploymentPostprocessing = 0;
		};
/* End PBXSourcesBuildPhase section */

/* Begin PBXTargetDependency section */
		3119C15C1EDE8F7900D8EFFB /* PBXTargetDependency */ = {
			isa = PBXTargetDependency;
			target = 3119C1401EDE8F7800D8EFFB /* valuePassSet */;
			targetProxy = 3119C15B1EDE8F7900D8EFFB /* PBXContainerItemProxy */;
		};
		3119C1671EDE8F7900D8EFFB /* PBXTargetDependency */ = {
			isa = PBXTargetDependency;
			target = 3119C1401EDE8F7800D8EFFB /* valuePassSet */;
			targetProxy = 3119C1661EDE8F7900D8EFFB /* PBXContainerItemProxy */;
		};
/* End PBXTargetDependency section */

/* Begin PBXVariantGroup section */
		3119C14D1EDE8F7800D8EFFB /* Main.storyboard */ = {
			isa = PBXVariantGroup;
			children = (
				3119C14E1EDE8F7800D8EFFB /* Base */,
			);
			name = Main.storyboard;
			sourceTree = "<group>";
		};
		3119C1521EDE8F7800D8EFFB /* LaunchScreen.storyboard */ = {
			isa = PBXVariantGroup;
			children = (
				3119C1531EDE8F7800D8EFFB /* Base */,
			);
			name = LaunchScreen.storyboard;
			sourceTree = "<group>";
		};
/* End PBXVariantGroup section */

/* Begin XCBuildConfiguration section */
		3119C16C1EDE8F7900D8EFFB /* Debug */ = {
			isa = XCBuildConfiguration;
			buildSettings = {
				ALWAYS_SEARCH_USER_PATHS = NO;
				CLANG_ANALYZER_NONNULL = YES;
				CLANG_ANALYZER_NUMBER_OBJECT_CONVERSION = YES_AGGRESSIVE;
				CLANG_CXX_LANGUAGE_STANDARD = "gnu++0x";
				CLANG_CXX_LIBRARY = "libc++";
				CLANG_ENABLE_MODULES = YES;
				CLANG_ENABLE_OBJC_ARC = YES;
				CLANG_WARN_BOOL_CONVERSION = YES;
				CLANG_WARN_CONSTANT_CONVERSION = YES;
				CLANG_WARN_DIRECT_OBJC_ISA_USAGE = YES_ERROR;
				CLANG_WARN_DOCUMENTATION_COMMENTS = YES;
				CLANG_WARN_EMPTY_BODY = YES;
				CLANG_WARN_ENUM_CONVERSION = YES;
				CLANG_WARN_INFINITE_RECURSION = YES;
				CLANG_WARN_INT_CONVERSION = YES;
				CLANG_WARN_OBJC_ROOT_CLASS = YES_ERROR;
				CLANG_WARN_SUSPICIOUS_MOVE = YES;
				CLANG_WARN_UNREACHABLE_CODE = YES;
				CLANG_WARN__DUPLICATE_METHOD_MATCH = YES;
				"CODE_SIGN_IDENTITY[sdk=iphoneos*]" = "iPhone Developer";
				COPY_PHASE_STRIP = NO;
				DEBUG_INFORMATION_FORMAT = dwarf;
				ENABLE_STRICT_OBJC_MSGSEND = YES;
				ENABLE_TESTABILITY = YES;
				GCC_C_LANGUAGE_STANDARD = gnu99;
				GCC_DYNAMIC_NO_PIC = NO;
				GCC_NO_COMMON_BLOCKS = YES;
				GCC_OPTIMIZATION_LEVEL = 0;
				GCC_PREPROCESSOR_DEFINITIONS = (
					"DEBUG=1",
					"$(inherited)",
				);
				GCC_WARN_64_TO_32_BIT_CONVERSION = YES;
				GCC_WARN_ABOUT_RETURN_TYPE = YES_ERROR;
				GCC_WARN_UNDECLARED_SELECTOR = YES;
				GCC_WARN_UNINITIALIZED_AUTOS = YES_AGGRESSIVE;
				GCC_WARN_UNUSED_FUNCTION = YES;
				GCC_WARN_UNUSED_VARIABLE = YES;
				IPHONEOS_DEPLOYMENT_TARGET = 10.3;
				MTL_ENABLE_DEBUG_INFO = YES;
				ONLY_ACTIVE_ARCH = YES;
				SDKROOT = iphoneos;
				TARGETED_DEVICE_FAMILY = "1,2";
			};
			name = Debug;
		};
		3119C16D1EDE8F7900D8EFFB /* Release */ = {
			isa = XCBuildConfiguration;
			buildSettings = {
				ALWAYS_SEARCH_USER_PATHS = NO;
				CLANG_ANALYZER_NONNULL = YES;
				CLANG_ANALYZER_NUMBER_OBJECT_CONVERSION = YES_AGGRESSIVE;
				CLANG_CXX_LANGUAGE_STANDARD = "gnu++0x";
				CLANG_CXX_LIBRARY = "libc++";
				CLANG_ENABLE_MODULES = YES;
				CLANG_ENABLE_OBJC_ARC = YES;
				CLANG_WARN_BOOL_CONVERSION = YES;
				CLANG_WARN_CONSTANT_CONVERSION = YES;
				CLANG_WARN_DIRECT_OBJC_ISA_USAGE = YES_ERROR;
				CLANG_WARN_DOCUMENTATION_COMMENTS = YES;
				CLANG_WARN_EMPTY_BODY = YES;
				CLANG_WARN_ENUM_CONVERSION = YES;
				CLANG_WARN_INFINITE_RECURSION = YES;
				CLANG_WARN_INT_CONVERSION = YES;
				CLANG_WARN_OBJC_ROOT_CLASS = YES_ERROR;
				CLANG_WARN_SUSPICIOUS_MOVE = YES;
				CLANG_WARN_UNREACHABLE_CODE = YES;
				CLANG_WARN__DUPLICATE_METHOD_MATCH = YES;
				"CODE_SIGN_IDENTITY[sdk=iphoneos*]" = "iPhone Developer";
				COPY_PHASE_STRIP = NO;
				DEBUG_INFORMATION_FORMAT = "dwarf-with-dsym";
				ENABLE_NS_ASSERTIONS = NO;
				ENABLE_STRICT_OBJC_MSGSEND = YES;
				GCC_C_LANGUAGE_STANDARD = gnu99;
				GCC_NO_COMMON_BLOCKS = YES;
				GCC_WARN_64_TO_32_BIT_CONVERSION = YES;
				GCC_WARN_ABOUT_RETURN_TYPE = YES_ERROR;
				GCC_WARN_UNDECLARED_SELECTOR = YES;
				GCC_WARN_UNINITIALIZED_AUTOS = YES_AGGRESSIVE;
				GCC_WARN_UNUSED_FUNCTION = YES;
				GCC_WARN_UNUSED_VARIABLE = YES;
				IPHONEOS_DEPLOYMENT_TARGET = 10.3;
				MTL_ENABLE_DEBUG_INFO = NO;
				SDKROOT = iphoneos;
				TARGETED_DEVICE_FAMILY = "1,2";
				VALIDATE_PRODUCT = YES;
			};
			name = Release;
		};
		3119C16F1EDE8F7900D8EFFB /* Debug */ = {
			isa = XCBuildConfiguration;
			buildSettings = {
				ASSETCATALOG_COMPILER_APPICON_NAME = AppIcon;
				INFOPLIST_FILE = valuePassSet/Info.plist;
				LD_RUNPATH_SEARCH_PATHS = "$(inherited) @executable_path/Frameworks";
				PRODUCT_BUNDLE_IDENTIFIER = com.hooyking.valuePassSet;
				PRODUCT_NAME = "$(TARGET_NAME)";
			};
			name = Debug;
		};
		3119C1701EDE8F7900D8EFFB /* Release */ = {
			isa = XCBuildConfiguration;
			buildSettings = {
				ASSETCATALOG_COMPILER_APPICON_NAME = AppIcon;
				INFOPLIST_FILE = valuePassSet/Info.plist;
				LD_RUNPATH_SEARCH_PATHS = "$(inherited) @executable_path/Frameworks";
				PRODUCT_BUNDLE_IDENTIFIER = com.hooyking.valuePassSet;
				PRODUCT_NAME = "$(TARGET_NAME)";
			};
			name = Release;
		};
		3119C1721EDE8F7900D8EFFB /* Debug */ = {
			isa = XCBuildConfiguration;
			buildSettings = {
				BUNDLE_LOADER = "$(TEST_HOST)";
				INFOPLIST_FILE = valuePassSetTests/Info.plist;
				LD_RUNPATH_SEARCH_PATHS = "$(inherited) @executable_path/Frameworks @loader_path/Frameworks";
				PRODUCT_BUNDLE_IDENTIFIER = com.hooyking.valuePassSetTests;
				PRODUCT_NAME = "$(TARGET_NAME)";
				TEST_HOST = "$(BUILT_PRODUCTS_DIR)/valuePassSet.app/valuePassSet";
			};
			name = Debug;
		};
		3119C1731EDE8F7900D8EFFB /* Release */ = {
			isa = XCBuildConfiguration;
			buildSettings = {
				BUNDLE_LOADER = "$(TEST_HOST)";
				INFOPLIST_FILE = valuePassSetTests/Info.plist;
				LD_RUNPATH_SEARCH_PATHS = "$(inherited) @executable_path/Frameworks @loader_path/Frameworks";
				PRODUCT_BUNDLE_IDENTIFIER = com.hooyking.valuePassSetTests;
				PRODUCT_NAME = "$(TARGET_NAME)";
				TEST_HOST = "$(BUILT_PRODUCTS_DIR)/valuePassSet.app/valuePassSet";
			};
			name = Release;
		};
		3119C1751EDE8F7900D8EFFB /* Debug */ = {
			isa = XCBuildConfiguration;
			buildSettings = {
				INFOPLIST_FILE = valuePassSetUITests/Info.plist;
				LD_RUNPATH_SEARCH_PATHS = "$(inherited) @executable_path/Frameworks @loader_path/Frameworks";
				PRODUCT_BUNDLE_IDENTIFIER = com.hooyking.valuePassSetUITests;
				PRODUCT_NAME = "$(TARGET_NAME)";
				TEST_TARGET_NAME = valuePassSet;
			};
			name = Debug;
		};
		3119C1761EDE8F7900D8EFFB /* Release */ = {
			isa = XCBuildConfiguration;
			buildSettings = {
				INFOPLIST_FILE = valuePassSetUITests/Info.plist;
				LD_RUNPATH_SEARCH_PATHS = "$(inherited) @executable_path/Frameworks @loader_path/Frameworks";
				PRODUCT_BUNDLE_IDENTIFIER = com.hooyking.valuePassSetUITests;
				PRODUCT_NAME = "$(TARGET_NAME)";
				TEST_TARGET_NAME = valuePassSet;
			};
			name = Release;
		};
/* End XCBuildConfiguration section */

/* Begin XCConfigurationList section */
		3119C13C1EDE8F7800D8EFFB /* Build configuration list for PBXProject "valuePassSet" */ = {
			isa = XCConfigurationList;
			buildConfigurations = (
				3119C16C1EDE8F7900D8EFFB /* Debug */,
				3119C16D1EDE8F7900D8EFFB /* Release */,
			);
			defaultConfigurationIsVisible = 0;
			defaultConfigurationName = Release;
		};
		3119C16E1EDE8F7900D8EFFB /* Build configuration list for PBXNativeTarget "valuePassSet" */ = {
			isa = XCConfigurationList;
			buildConfigurations = (
				3119C16F1EDE8F7900D8EFFB /* Debug */,
				3119C1701EDE8F7900D8EFFB /* Release */,
			);
			defaultConfigurationIsVisible = 0;
		};
		3119C1711EDE8F7900D8EFFB /* Build configuration list for PBXNativeTarget "valuePassSetTests" */ = {
			isa = XCConfigurationList;
			buildConfigurations = (
				3119C1721EDE8F7900D8EFFB /* Debug */,
				3119C1731EDE8F7900D8EFFB /* Release */,
			);
			defaultConfigurationIsVisible = 0;
		};
		3119C1741EDE8F7900D8EFFB /* Build configuration list for PBXNativeTarget "valuePassSetUITests" */ = {
			isa = XCConfigurationList;
			buildConfigurations = (
				3119C1751EDE8F7900D8EFFB /* Debug */,
				3119C1761EDE8F7900D8EFFB /* Release */,
			);
			defaultConfigurationIsVisible = 0;
		};
/* End XCConfigurationList section */
	};
	rootObject = 3119C1391EDE8F7800D8EFFB /* Project object */;
}
